
Microsoft Visual Studio Solution File, Format Version 12.00
# Visual Studio Version 16
VisualStudioVersion = 16.0.30413.136
MinimumVisualStudioVersion = 10.0.40219.1
Project("{FAE04EC0-301F-11D3-BF4B-00C04F79EFBC}") = "oop-6115261025-w06", "oop-6115261025-w06.csproj", "{7F7B2C6A-F811-447E-B1D6-674C5B8FA485}"
EndProject
Global
	GlobalSection(SolutionConfigurationPlatforms) = preSolution
		Debug|Any CPU = Debug|Any CPU
		Release|Any CPU = Release|Any CPU
	EndGlobalSection
	GlobalSection(ProjectConfigurationPlatforms) = postSolution
		{7F7B2C6A-F811-447E-B1D6-674C5B8FA485}.Debug|Any CPU.ActiveCfg = Debug|Any CPU
		{7F7B2C6A-F811-447E-B1D6-674C5B8FA485}.Debug|Any CPU.Build.0 = Debug|Any CPU
		{7F7B2C6A-F811-447E-B1D6-674C5B8FA485}.Release|Any CPU.ActiveCfg = Release|Any CPU
		{7F7B2C6A-F811-447E-B1D6-674C5B8FA485}.Release|Any CPU.Build.0 = Release|Any CPU
	EndGlobalSection
	GlobalSection(SolutionProperties) = preSolution
		HideSolutionNode = FALSE
	EndGlobalSection
	GlobalSection(ExtensibilityGlobals) = postSolution
		SolutionGuid = {5B924EDD-5406-4650-BA61-4A8161C8F851}
	EndGlobalSection
EndGlobal
